// !$*UTF8*$!
{
	archiveVersion = 1;
	classes = {
	};
	objectVersion = 50;
	objects = {

/* Begin PBXBuildFile section */
		D11926C325DDADE900BDDDF4 /* Extension-UIView.swift in Sources */ = {isa = PBXBuildFile; fileRef = D11926C225DDADE900BDDDF4 /* Extension-UIView.swift */; };
		D125CD7125DC325E007F9F3A /* AppDelegate.swift in Sources */ = {isa = PBXBuildFile; fileRef = D125CD7025DC325E007F9F3A /* AppDelegate.swift */; };
		D125CD7325DC325E007F9F3A /* SceneDelegate.swift in Sources */ = {isa = PBXBuildFile; fileRef = D125CD7225DC325E007F9F3A /* SceneDelegate.swift */; };
		D125CD7A25DC3262007F9F3A /* Assets.xcassets in Resources */ = {isa = PBXBuildFile; fileRef = D125CD7925DC3262007F9F3A /* Assets.xcassets */; };
		D125CD7D25DC3262007F9F3A /* LaunchScreen.storyboard in Resources */ = {isa = PBXBuildFile; fileRef = D125CD7B25DC3262007F9F3A /* LaunchScreen.storyboard */; };
		D125CD8D25DC3893007F9F3A /* TabBarViewController.swift in Sources */ = {isa = PBXBuildFile; fileRef = D125CD8C25DC3893007F9F3A /* TabBarViewController.swift */; };
		D125CD9125DC38B6007F9F3A /* HomeViewController.swift in Sources */ = {isa = PBXBuildFile; fileRef = D125CD9025DC38B6007F9F3A /* HomeViewController.swift */; };
		D125CD9525DC38D3007F9F3A /* SearchViewController.swift in Sources */ = {isa = PBXBuildFile; fileRef = D125CD9425DC38D3007F9F3A /* SearchViewController.swift */; };
		D125CD9925DC38ED007F9F3A /* LibraryViewController.swift in Sources */ = {isa = PBXBuildFile; fileRef = D125CD9825DC38ED007F9F3A /* LibraryViewController.swift */; };
		D125CDA025DC394D007F9F3A /* AuthViewController.swift in Sources */ = {isa = PBXBuildFile; fileRef = D125CD9F25DC394D007F9F3A /* AuthViewController.swift */; };
		D125CDA425DC396B007F9F3A /* WelcomeViewController.swift in Sources */ = {isa = PBXBuildFile; fileRef = D125CDA325DC396B007F9F3A /* WelcomeViewController.swift */; };
		D125CDA725DC398D007F9F3A /* SettingsViewController.swift in Sources */ = {isa = PBXBuildFile; fileRef = D125CDA625DC398D007F9F3A /* SettingsViewController.swift */; };
		D125CDAA25DC39AC007F9F3A /* ProfileViewController.swift in Sources */ = {isa = PBXBuildFile; fileRef = D125CDA925DC39AC007F9F3A /* ProfileViewController.swift */; };
		D125CDAD25DC39C6007F9F3A /* PlayerViewController.swift in Sources */ = {isa = PBXBuildFile; fileRef = D125CDAC25DC39C6007F9F3A /* PlayerViewController.swift */; };
		D125CDB025DC39E7007F9F3A /* PlaylistViewController.swift in Sources */ = {isa = PBXBuildFile; fileRef = D125CDAF25DC39E7007F9F3A /* PlaylistViewController.swift */; };
		D125CDB325DC3A2F007F9F3A /* SearchResultsViewController.swift in Sources */ = {isa = PBXBuildFile; fileRef = D125CDB225DC3A2F007F9F3A /* SearchResultsViewController.swift */; };
		D125CDB625DC3A8F007F9F3A /* AuthManager.swift in Sources */ = {isa = PBXBuildFile; fileRef = D125CDB525DC3A8F007F9F3A /* AuthManager.swift */; };
		D125CDB925DC3A9D007F9F3A /* APICaller.swift in Sources */ = {isa = PBXBuildFile; fileRef = D125CDB825DC3A9D007F9F3A /* APICaller.swift */; };
		D125CDBC25DC3AB1007F9F3A /* HapticsManager.swift in Sources */ = {isa = PBXBuildFile; fileRef = D125CDBB25DC3AB1007F9F3A /* HapticsManager.swift */; };
		D125CDBF25DC3B8F007F9F3A /* UserProfile.swift in Sources */ = {isa = PBXBuildFile; fileRef = D125CDBE25DC3B8F007F9F3A /* UserProfile.swift */; };
		D125CDC225DC3B9B007F9F3A /* AudioTrack.swift in Sources */ = {isa = PBXBuildFile; fileRef = D125CDC125DC3B9B007F9F3A /* AudioTrack.swift */; };
		D125CDC525DC3BA6007F9F3A /* Artist.swift in Sources */ = {isa = PBXBuildFile; fileRef = D125CDC425DC3BA6007F9F3A /* Artist.swift */; };
		D125CDC825DC3BB2007F9F3A /* Playlist.swift in Sources */ = {isa = PBXBuildFile; fileRef = D125CDC725DC3BB2007F9F3A /* Playlist.swift */; };
/* End PBXBuildFile section */

/* Begin PBXFileReference section */
		D11926C225DDADE900BDDDF4 /* Extension-UIView.swift */ = {isa = PBXFileReference; lastKnownFileType = sourcecode.swift; path = "Extension-UIView.swift"; sourceTree = "<group>"; };
		D125CD6D25DC325E007F9F3A /* Spotify.app */ = {isa = PBXFileReference; explicitFileType = wrapper.application; includeInIndex = 0; path = Spotify.app; sourceTree = BUILT_PRODUCTS_DIR; };
		D125CD7025DC325E007F9F3A /* AppDelegate.swift */ = {isa = PBXFileReference; lastKnownFileType = sourcecode.swift; path = AppDelegate.swift; sourceTree = "<group>"; };
		D125CD7225DC325E007F9F3A /* SceneDelegate.swift */ = {isa = PBXFileReference; lastKnownFileType = sourcecode.swift; path = SceneDelegate.swift; sourceTree = "<group>"; };
		D125CD7925DC3262007F9F3A /* Assets.xcassets */ = {isa = PBXFileReference; lastKnownFileType = folder.assetcatalog; path = Assets.xcassets; sourceTree = "<group>"; };
		D125CD7C25DC3262007F9F3A /* Base */ = {isa = PBXFileReference; lastKnownFileType = file.storyboard; name = Base; path = Base.lproj/LaunchScreen.storyboard; sourceTree = "<group>"; };
		D125CD7E25DC3262007F9F3A /* Info.plist */ = {isa = PBXFileReference; lastKnownFileType = text.plist.xml; path = Info.plist; sourceTree = "<group>"; };
		D125CD8C25DC3893007F9F3A /* TabBarViewController.swift */ = {isa = PBXFileReference; lastKnownFileType = sourcecode.swift; path = TabBarViewController.swift; sourceTree = "<group>"; };
		D125CD9025DC38B6007F9F3A /* HomeViewController.swift */ = {isa = PBXFileReference; lastKnownFileType = sourcecode.swift; path = HomeViewController.swift; sourceTree = "<group>"; };
		D125CD9425DC38D3007F9F3A /* SearchViewController.swift */ = {isa = PBXFileReference; lastKnownFileType = sourcecode.swift; path = SearchViewController.swift; sourceTree = "<group>"; };
		D125CD9825DC38ED007F9F3A /* LibraryViewController.swift */ = {isa = PBXFileReference; lastKnownFileType = sourcecode.swift; path = LibraryViewController.swift; sourceTree = "<group>"; };
		D125CD9F25DC394D007F9F3A /* AuthViewController.swift */ = {isa = PBXFileReference; lastKnownFileType = sourcecode.swift; path = AuthViewController.swift; sourceTree = "<group>"; };
		D125CDA325DC396B007F9F3A /* WelcomeViewController.swift */ = {isa = PBXFileReference; lastKnownFileType = sourcecode.swift; path = WelcomeViewController.swift; sourceTree = "<group>"; };
		D125CDA625DC398D007F9F3A /* SettingsViewController.swift */ = {isa = PBXFileReference; lastKnownFileType = sourcecode.swift; path = SettingsViewController.swift; sourceTree = "<group>"; };
		D125CDA925DC39AC007F9F3A /* ProfileViewController.swift */ = {isa = PBXFileReference; lastKnownFileType = sourcecode.swift; path = ProfileViewController.swift; sourceTree = "<group>"; };
		D125CDAC25DC39C6007F9F3A /* PlayerViewController.swift */ = {isa = PBXFileReference; lastKnownFileType = sourcecode.swift; path = PlayerViewController.swift; sourceTree = "<group>"; };
		D125CDAF25DC39E7007F9F3A /* PlaylistViewController.swift */ = {isa = PBXFileReference; lastKnownFileType = sourcecode.swift; path = PlaylistViewController.swift; sourceTree = "<group>"; };
		D125CDB225DC3A2F007F9F3A /* SearchResultsViewController.swift */ = {isa = PBXFileReference; lastKnownFileType = sourcecode.swift; path = SearchResultsViewController.swift; sourceTree = "<group>"; };
		D125CDB525DC3A8F007F9F3A /* AuthManager.swift */ = {isa = PBXFileReference; lastKnownFileType = sourcecode.swift; path = AuthManager.swift; sourceTree = "<group>"; };
		D125CDB825DC3A9D007F9F3A /* APICaller.swift */ = {isa = PBXFileReference; lastKnownFileType = sourcecode.swift; path = APICaller.swift; sourceTree = "<group>"; };
		D125CDBB25DC3AB1007F9F3A /* HapticsManager.swift */ = {isa = PBXFileReference; lastKnownFileType = sourcecode.swift; path = HapticsManager.swift; sourceTree = "<group>"; };
		D125CDBE25DC3B8F007F9F3A /* UserProfile.swift */ = {isa = PBXFileReference; lastKnownFileType = sourcecode.swift; path = UserProfile.swift; sourceTree = "<group>"; };
		D125CDC125DC3B9B007F9F3A /* AudioTrack.swift */ = {isa = PBXFileReference; lastKnownFileType = sourcecode.swift; path = AudioTrack.swift; sourceTree = "<group>"; };
		D125CDC425DC3BA6007F9F3A /* Artist.swift */ = {isa = PBXFileReference; lastKnownFileType = sourcecode.swift; path = Artist.swift; sourceTree = "<group>"; };
		D125CDC725DC3BB2007F9F3A /* Playlist.swift */ = {isa = PBXFileReference; lastKnownFileType = sourcecode.swift; path = Playlist.swift; sourceTree = "<group>"; };
/* End PBXFileReference section */

/* Begin PBXFrameworksBuildPhase section */
		D125CD6A25DC325E007F9F3A /* Frameworks */ = {
			isa = PBXFrameworksBuildPhase;
			buildActionMask = 2147483647;
			files = (
			);
			runOnlyForDeploymentPostprocessing = 0;
		};
/* End PBXFrameworksBuildPhase section */

/* Begin PBXGroup section */
		D11926C125DDAD8F00BDDDF4 /* Extension */ = {
			isa = PBXGroup;
			children = (
				D11926C225DDADE900BDDDF4 /* Extension-UIView.swift */,
			);
			path = Extension;
			sourceTree = "<group>";
		};
		D125CD6425DC325E007F9F3A = {
			isa = PBXGroup;
			children = (
				D125CD6F25DC325E007F9F3A /* Spotify */,
				D125CD6E25DC325E007F9F3A /* Products */,
			);
			sourceTree = "<group>";
		};
		D125CD6E25DC325E007F9F3A /* Products */ = {
			isa = PBXGroup;
			children = (
				D125CD6D25DC325E007F9F3A /* Spotify.app */,
			);
			name = Products;
			sourceTree = "<group>";
		};
		D125CD6F25DC325E007F9F3A /* Spotify */ = {
			isa = PBXGroup;
			children = (
				D11926C125DDAD8F00BDDDF4 /* Extension */,
				D125CD8A25DC35F4007F9F3A /* Resources */,
				D125CD8925DC35E7007F9F3A /* Managers */,
				D125CD8825DC35DA007F9F3A /* ViewModels */,
				D125CD8725DC35D2007F9F3A /* Models */,
				D125CD8625DC35CA007F9F3A /* Views */,
				D125CD8525DC35B6007F9F3A /* Controllers */,
				D125CD7E25DC3262007F9F3A /* Info.plist */,
			);
			path = Spotify;
			sourceTree = "<group>";
		};
		D125CD8525DC35B6007F9F3A /* Controllers */ = {
			isa = PBXGroup;
			children = (
				D125CD9C25DC392F007F9F3A /* Core */,
				D125CD9E25DC3937007F9F3A /* Other */,
			);
			path = Controllers;
			sourceTree = "<group>";
		};
		D125CD8625DC35CA007F9F3A /* Views */ = {
			isa = PBXGroup;
			children = (
				D125CD7B25DC3262007F9F3A /* LaunchScreen.storyboard */,
			);
			path = Views;
			sourceTree = "<group>";
		};
		D125CD8725DC35D2007F9F3A /* Models */ = {
			isa = PBXGroup;
			children = (
				D125CDBE25DC3B8F007F9F3A /* UserProfile.swift */,
				D125CDC125DC3B9B007F9F3A /* AudioTrack.swift */,
				D125CDC425DC3BA6007F9F3A /* Artist.swift */,
				D125CDC725DC3BB2007F9F3A /* Playlist.swift */,
			);
			path = Models;
			sourceTree = "<group>";
		};
		D125CD8825DC35DA007F9F3A /* ViewModels */ = {
			isa = PBXGroup;
			children = (
			);
			path = ViewModels;
			sourceTree = "<group>";
		};
		D125CD8925DC35E7007F9F3A /* Managers */ = {
			isa = PBXGroup;
			children = (
				D125CDB525DC3A8F007F9F3A /* AuthManager.swift */,
				D125CDB825DC3A9D007F9F3A /* APICaller.swift */,
				D125CDBB25DC3AB1007F9F3A /* HapticsManager.swift */,
			);
			path = Managers;
			sourceTree = "<group>";
		};
		D125CD8A25DC35F4007F9F3A /* Resources */ = {
			isa = PBXGroup;
			children = (
				D125CD7025DC325E007F9F3A /* AppDelegate.swift */,
				D125CD7225DC325E007F9F3A /* SceneDelegate.swift */,
				D125CD7925DC3262007F9F3A /* Assets.xcassets */,
			);
			path = Resources;
			sourceTree = "<group>";
		};
		D125CD9C25DC392F007F9F3A /* Core */ = {
			isa = PBXGroup;
			children = (
				D125CD8C25DC3893007F9F3A /* TabBarViewController.swift */,
				D125CD9025DC38B6007F9F3A /* HomeViewController.swift */,
				D125CD9425DC38D3007F9F3A /* SearchViewController.swift */,
				D125CD9825DC38ED007F9F3A /* LibraryViewController.swift */,
			);
			path = Core;
			sourceTree = "<group>";
		};
		D125CD9E25DC3937007F9F3A /* Other */ = {
			isa = PBXGroup;
			children = (
				D125CD9F25DC394D007F9F3A /* AuthViewController.swift */,
				D125CDA325DC396B007F9F3A /* WelcomeViewController.swift */,
				D125CDA625DC398D007F9F3A /* SettingsViewController.swift */,
				D125CDA925DC39AC007F9F3A /* ProfileViewController.swift */,
				D125CDAC25DC39C6007F9F3A /* PlayerViewController.swift */,
				D125CDAF25DC39E7007F9F3A /* PlaylistViewController.swift */,
				D125CDB225DC3A2F007F9F3A /* SearchResultsViewController.swift */,
			);
			path = Other;
			sourceTree = "<group>";
		};
/* End PBXGroup section */

/* Begin PBXNativeTarget section */
		D125CD6C25DC325E007F9F3A /* Spotify */ = {
			isa = PBXNativeTarget;
			buildConfigurationList = D125CD8125DC3262007F9F3A /* Build configuration list for PBXNativeTarget "Spotify" */;
			buildPhases = (
				D125CD6925DC325E007F9F3A /* Sources */,
				D125CD6A25DC325E007F9F3A /* Frameworks */,
				D125CD6B25DC325E007F9F3A /* Resources */,
			);
			buildRules = (
			);
			dependencies = (
			);
			name = Spotify;
			productName = Spotify;
			productReference = D125CD6D25DC325E007F9F3A /* Spotify.app */;
			productType = "com.apple.product-type.application";
		};
/* End PBXNativeTarget section */

/* Begin PBXProject section */
		D125CD6525DC325E007F9F3A /* Project object */ = {
			isa = PBXProject;
			attributes = {
				LastSwiftUpdateCheck = 1240;
				LastUpgradeCheck = 1240;
				TargetAttributes = {
					D125CD6C25DC325E007F9F3A = {
						CreatedOnToolsVersion = 12.4;
					};
				};
			};
			buildConfigurationList = D125CD6825DC325E007F9F3A /* Build configuration list for PBXProject "Spotify" */;
			compatibilityVersion = "Xcode 9.3";
			developmentRegion = en;
			hasScannedForEncodings = 0;
			knownRegions = (
				en,
				Base,
			);
			mainGroup = D125CD6425DC325E007F9F3A;
			productRefGroup = D125CD6E25DC325E007F9F3A /* Products */;
			projectDirPath = "";
			projectRoot = "";
			targets = (
				D125CD6C25DC325E007F9F3A /* Spotify */,
			);
		};
/* End PBXProject section */

/* Begin PBXResourcesBuildPhase section */
		D125CD6B25DC325E007F9F3A /* Resources */ = {
			isa = PBXResourcesBuildPhase;
			buildActionMask = 2147483647;
			files = (
				D125CD7D25DC3262007F9F3A /* LaunchScreen.storyboard in Resources */,
				D125CD7A25DC3262007F9F3A /* Assets.xcassets in Resources */,
			);
			runOnlyForDeploymentPostprocessing = 0;
		};
/* End PBXResourcesBuildPhase section */

/* Begin PBXSourcesBuildPhase section */
		D125CD6925DC325E007F9F3A /* Sources */ = {
			isa = PBXSourcesBuildPhase;
			buildActionMask = 2147483647;
			files = (
				D125CD9525DC38D3007F9F3A /* SearchViewController.swift in Sources */,
				D125CDB625DC3A8F007F9F3A /* AuthManager.swift in Sources */,
				D125CDB325DC3A2F007F9F3A /* SearchResultsViewController.swift in Sources */,
				D125CDA425DC396B007F9F3A /* WelcomeViewController.swift in Sources */,
				D125CDAA25DC39AC007F9F3A /* ProfileViewController.swift in Sources */,
				D125CD9125DC38B6007F9F3A /* HomeViewController.swift in Sources */,
				D11926C325DDADE900BDDDF4 /* Extension-UIView.swift in Sources */,
				D125CDBC25DC3AB1007F9F3A /* HapticsManager.swift in Sources */,
				D125CD8D25DC3893007F9F3A /* TabBarViewController.swift in Sources */,
				D125CDC225DC3B9B007F9F3A /* AudioTrack.swift in Sources */,
				D125CDA025DC394D007F9F3A /* AuthViewController.swift in Sources */,
				D125CD7125DC325E007F9F3A /* AppDelegate.swift in Sources */,
				D125CD9925DC38ED007F9F3A /* LibraryViewController.swift in Sources */,
				D125CDB025DC39E7007F9F3A /* PlaylistViewController.swift in Sources */,
				D125CDC525DC3BA6007F9F3A /* Artist.swift in Sources */,
				D125CD7325DC325E007F9F3A /* SceneDelegate.swift in Sources */,
				D125CDAD25DC39C6007F9F3A /* PlayerViewController.swift in Sources */,
				D125CDB925DC3A9D007F9F3A /* APICaller.swift in Sources */,
				D125CDA725DC398D007F9F3A /* SettingsViewController.swift in Sources */,
				D125CDBF25DC3B8F007F9F3A /* UserProfile.swift in Sources */,
				D125CDC825DC3BB2007F9F3A /* Playlist.swift in Sources */,
			);
			runOnlyForDeploymentPostprocessing = 0;
		};
/* End PBXSourcesBuildPhase section */

/* Begin PBXVariantGroup section */
		D125CD7B25DC3262007F9F3A /* LaunchScreen.storyboard */ = {
			isa = PBXVariantGroup;
			children = (
				D125CD7C25DC3262007F9F3A /* Base */,
			);
			name = LaunchScreen.storyboard;
			sourceTree = "<group>";
		};
/* End PBXVariantGroup section */

/* Begin XCBuildConfiguration section */
		D125CD7F25DC3262007F9F3A /* Debug */ = {
			isa = XCBuildConfiguration;
			buildSettings = {
				ALWAYS_SEARCH_USER_PATHS = NO;
				CLANG_ANALYZER_NONNULL = YES;
				CLANG_ANALYZER_NUMBER_OBJECT_CONVERSION = YES_AGGRESSIVE;
				CLANG_CXX_LANGUAGE_STANDARD = "gnu++14";
				CLANG_CXX_LIBRARY = "libc++";
				CLANG_ENABLE_MODULES = YES;
				CLANG_ENABLE_OBJC_ARC = YES;
				CLANG_ENABLE_OBJC_WEAK = YES;
				CLANG_WARN_BLOCK_CAPTURE_AUTORELEASING = YES;
				CLANG_WARN_BOOL_CONVERSION = YES;
				CLANG_WARN_COMMA = YES;
				CLANG_WARN_CONSTANT_CONVERSION = YES;
				CLANG_WARN_DEPRECATED_OBJC_IMPLEMENTATIONS = YES;
				CLANG_WARN_DIRECT_OBJC_ISA_USAGE = YES_ERROR;
				CLANG_WARN_DOCUMENTATION_COMMENTS = YES;
				CLANG_WARN_EMPTY_BODY = YES;
				CLANG_WARN_ENUM_CONVERSION = YES;
				CLANG_WARN_INFINITE_RECURSION = YES;
				CLANG_WARN_INT_CONVERSION = YES;
				CLANG_WARN_NON_LITERAL_NULL_CONVERSION = YES;
				CLANG_WARN_OBJC_IMPLICIT_RETAIN_SELF = YES;
				CLANG_WARN_OBJC_LITERAL_CONVERSION = YES;
				CLANG_WARN_OBJC_ROOT_CLASS = YES_ERROR;
				CLANG_WARN_QUOTED_INCLUDE_IN_FRAMEWORK_HEADER = YES;
				CLANG_WARN_RANGE_LOOP_ANALYSIS = YES;
				CLANG_WARN_STRICT_PROTOTYPES = YES;
				CLANG_WARN_SUSPICIOUS_MOVE = YES;
				CLANG_WARN_UNGUARDED_AVAILABILITY = YES_AGGRESSIVE;
				CLANG_WARN_UNREACHABLE_CODE = YES;
				CLANG_WARN__DUPLICATE_METHOD_MATCH = YES;
				COPY_PHASE_STRIP = NO;
				DEBUG_INFORMATION_FORMAT = dwarf;
				ENABLE_STRICT_OBJC_MSGSEND = YES;
				ENABLE_TESTABILITY = YES;
				GCC_C_LANGUAGE_STANDARD = gnu11;
				GCC_DYNAMIC_NO_PIC = NO;
				GCC_NO_COMMON_BLOCKS = YES;
				GCC_OPTIMIZATION_LEVEL = 0;
				GCC_PREPROCESSOR_DEFINITIONS = (
					"DEBUG=1",
					"$(inherited)",
				);
				GCC_WARN_64_TO_32_BIT_CONVERSION = YES;
				GCC_WARN_ABOUT_RETURN_TYPE = YES_ERROR;
				GCC_WARN_UNDECLARED_SELECTOR = YES;
				GCC_WARN_UNINITIALIZED_AUTOS = YES_AGGRESSIVE;
				GCC_WARN_UNUSED_FUNCTION = YES;
				GCC_WARN_UNUSED_VARIABLE = YES;
				IPHONEOS_DEPLOYMENT_TARGET = 14.4;
				MTL_ENABLE_DEBUG_INFO = INCLUDE_SOURCE;
				MTL_FAST_MATH = YES;
				ONLY_ACTIVE_ARCH = YES;
				SDKROOT = iphoneos;
				SWIFT_ACTIVE_COMPILATION_CONDITIONS = DEBUG;
				SWIFT_OPTIMIZATION_LEVEL = "-Onone";
			};
			name = Debug;
		};
		D125CD8025DC3262007F9F3A /* Release */ = {
			isa = XCBuildConfiguration;
			buildSettings = {
				ALWAYS_SEARCH_USER_PATHS = NO;
				CLANG_ANALYZER_NONNULL = YES;
				CLANG_ANALYZER_NUMBER_OBJECT_CONVERSION = YES_AGGRESSIVE;
				CLANG_CXX_LANGUAGE_STANDARD = "gnu++14";
				CLANG_CXX_LIBRARY = "libc++";
				CLANG_ENABLE_MODULES = YES;
				CLANG_ENABLE_OBJC_ARC = YES;
				CLANG_ENABLE_OBJC_WEAK = YES;
				CLANG_WARN_BLOCK_CAPTURE_AUTORELEASING = YES;
				CLANG_WARN_BOOL_CONVERSION = YES;
				CLANG_WARN_COMMA = YES;
				CLANG_WARN_CONSTANT_CONVERSION = YES;
				CLANG_WARN_DEPRECATED_OBJC_IMPLEMENTATIONS = YES;
				CLANG_WARN_DIRECT_OBJC_ISA_USAGE = YES_ERROR;
				CLANG_WARN_DOCUMENTATION_COMMENTS = YES;
				CLANG_WARN_EMPTY_BODY = YES;
				CLANG_WARN_ENUM_CONVERSION = YES;
				CLANG_WARN_INFINITE_RECURSION = YES;
				CLANG_WARN_INT_CONVERSION = YES;
				CLANG_WARN_NON_LITERAL_NULL_CONVERSION = YES;
				CLANG_WARN_OBJC_IMPLICIT_RETAIN_SELF = YES;
				CLANG_WARN_OBJC_LITERAL_CONVERSION = YES;
				CLANG_WARN_OBJC_ROOT_CLASS = YES_ERROR;
				CLANG_WARN_QUOTED_INCLUDE_IN_FRAMEWORK_HEADER = YES;
				CLANG_WARN_RANGE_LOOP_ANALYSIS = YES;
				CLANG_WARN_STRICT_PROTOTYPES = YES;
				CLANG_WARN_SUSPICIOUS_MOVE = YES;
				CLANG_WARN_UNGUARDED_AVAILABILITY = YES_AGGRESSIVE;
				CLANG_WARN_UNREACHABLE_CODE = YES;
				CLANG_WARN__DUPLICATE_METHOD_MATCH = YES;
				COPY_PHASE_STRIP = NO;
				DEBUG_INFORMATION_FORMAT = "dwarf-with-dsym";
				ENABLE_NS_ASSERTIONS = NO;
				ENABLE_STRICT_OBJC_MSGSEND = YES;
				GCC_C_LANGUAGE_STANDARD = gnu11;
				GCC_NO_COMMON_BLOCKS = YES;
				GCC_WARN_64_TO_32_BIT_CONVERSION = YES;
				GCC_WARN_ABOUT_RETURN_TYPE = YES_ERROR;
				GCC_WARN_UNDECLARED_SELECTOR = YES;
				GCC_WARN_UNINITIALIZED_AUTOS = YES_AGGRESSIVE;
				GCC_WARN_UNUSED_FUNCTION = YES;
				GCC_WARN_UNUSED_VARIABLE = YES;
				IPHONEOS_DEPLOYMENT_TARGET = 14.4;
				MTL_ENABLE_DEBUG_INFO = NO;
				MTL_FAST_MATH = YES;
				SDKROOT = iphoneos;
				SWIFT_COMPILATION_MODE = wholemodule;
				SWIFT_OPTIMIZATION_LEVEL = "-O";
				VALIDATE_PRODUCT = YES;
			};
			name = Release;
		};
		D125CD8225DC3262007F9F3A /* Debug */ = {
			isa = XCBuildConfiguration;
			buildSettings = {
				ASSETCATALOG_COMPILER_APPICON_NAME = AppIcon;
				ASSETCATALOG_COMPILER_GLOBAL_ACCENT_COLOR_NAME = AccentColor;
				CODE_SIGN_STYLE = Automatic;
				DEVELOPMENT_TEAM = Z56UVR5Q3Z;
				INFOPLIST_FILE = Spotify/Info.plist;
				LD_RUNPATH_SEARCH_PATHS = (
					"$(inherited)",
					"@executable_path/Frameworks",
				);
				PRODUCT_BUNDLE_IDENTIFIER = com.justynakowalkowska.Spotify;
				PRODUCT_NAME = "$(TARGET_NAME)";
				SWIFT_VERSION = 5.0;
				TARGETED_DEVICE_FAMILY = "1,2";
			};
			name = Debug;
		};
		D125CD8325DC3262007F9F3A /* Release */ = {
			isa = XCBuildConfiguration;
			buildSettings = {
				ASSETCATALOG_COMPILER_APPICON_NAME = AppIcon;
				ASSETCATALOG_COMPILER_GLOBAL_ACCENT_COLOR_NAME = AccentColor;
				CODE_SIGN_STYLE = Automatic;
				DEVELOPMENT_TEAM = Z56UVR5Q3Z;
				INFOPLIST_FILE = Spotify/Info.plist;
				LD_RUNPATH_SEARCH_PATHS = (
					"$(inherited)",
					"@executable_path/Frameworks",
				);
				PRODUCT_BUNDLE_IDENTIFIER = com.justynakowalkowska.Spotify;
				PRODUCT_NAME = "$(TARGET_NAME)";
				SWIFT_VERSION = 5.0;
				TARGETED_DEVICE_FAMILY = "1,2";
			};
			name = Release;
		};
/* End XCBuildConfiguration section */

/* Begin XCConfigurationList section */
		D125CD6825DC325E007F9F3A /* Build configuration list for PBXProject "Spotify" */ = {
			isa = XCConfigurationList;
			buildConfigurations = (
				D125CD7F25DC3262007F9F3A /* Debug */,
				D125CD8025DC3262007F9F3A /* Release */,
			);
			defaultConfigurationIsVisible = 0;
			defaultConfigurationName = Release;
		};
		D125CD8125DC3262007F9F3A /* Build configuration list for PBXNativeTarget "Spotify" */ = {
			isa = XCConfigurationList;
			buildConfigurations = (
				D125CD8225DC3262007F9F3A /* Debug */,
				D125CD8325DC3262007F9F3A /* Release */,
			);
			defaultConfigurationIsVisible = 0;
			defaultConfigurationName = Release;
		};
/* End XCConfigurationList section */
	};
	rootObject = D125CD6525DC325E007F9F3A /* Project object */;
}
